PODS:
  - Flutter (1.0.0)
  - onnxruntime-c (1.22.0)
  - onnxruntime-objc (1.22.0):
    - onnxruntime-objc/Core (= 1.22.0)
  - onnxruntime-objc/Core (1.22.0):
    - onnxruntime-c (= 1.22.0)
  - vad (0.0.6):
    - Flutter
    - onnxruntime-objc (= 1.22.0)

DEPENDENCIES:
  - Flutter (from `Flutter`)
  - vad (from `.symlinks/plugins/vad/ios`)

SPEC REPOS:
  trunk:
    - onnxruntime-c
    - onnxruntime-objc

EXTERNAL SOURCES:
  Flutter:
    :path: Flutter
  vad:
    :path: ".symlinks/plugins/vad/ios"

SPEC CHECKSUMS:
  Flutter: 71a624a5bc0c04062bf19101d501e466baf2fb47
  onnxruntime-c: 7f778680e96145956c0a31945f260321eed2611a
  onnxruntime-objc: 83d28b87525bd971259a66e153ea32b5d023de19
  vad: 7934867589afe53567f492df66fb1615f2185822

PODFILE CHECKSUM: 1bed8b2262b594f89f58bee2826557447173bc56

COCOAPODS: 1.17.0
